
Microsoft Visual Studio Solution File, Format Version 12.00
# Visual Studio Version 17
VisualStudioVersion = 17.13.35806.99 d17.13
MinimumVisualStudioVersion = 10.0.40219.1
Project("{FAE04EC0-301F-11D3-BF4B-00C04F79EFBC}") = "ProductivityQuest", "ProductivityQuest.csproj", "{09C0C824-F643-4A40-AD3A-C5A605832793}"
EndProject
Global
	GlobalSection(SolutionConfigurationPlatforms) = preSolution
		Debug|Any CPU = Debug|Any CPU
		Release|Any CPU = Release|Any CPU
	EndGlobalSection
	GlobalSection(ProjectConfigurationPlatforms) = postSolution
		{09C0C824-F643-4A40-AD3A-C5A605832793}.Debug|Any CPU.ActiveCfg = Debug|Any CPU
		{09C0C824-F643-4A40-AD3A-C5A605832793}.Debug|Any CPU.Build.0 = Debug|Any CPU
		{09C0C824-F643-4A40-AD3A-C5A605832793}.Release|Any CPU.ActiveCfg = Release|Any CPU
		{09C0C824-F643-4A40-AD3A-C5A605832793}.Release|Any CPU.Build.0 = Release|Any CPU
	EndGlobalSection
	GlobalSection(SolutionProperties) = preSolution
		HideSolutionNode = FALSE
	EndGlobalSection
	GlobalSection(ExtensibilityGlobals) = postSolution
		SolutionGuid = {EB2DDDF9-C0CA-4C36-94ED-E2937432079B}
	EndGlobalSection
EndGlobal
